// !$*UTF8*$!
{
	archiveVersion = 1;
	classes = {
	};
	objectVersion = 46;
	objects = {

/* Begin PBXBuildFile section */
		435E248813A8E5A40052479A /* Xcode_beginning_of_line.m in Sources */ = {isa = PBXBuildFile; fileRef = 435E248513A8E5A40052479A /* Xcode_beginning_of_line.m */; };
		437DCBC514D41E700039CB49 /* InfoPlist.strings in Resources */ = {isa = PBXBuildFile; fileRef = 437DCBC314D41E700039CB49 /* InfoPlist.strings */; };
		E099AE97181FCB3B00F0B4A1 /* Cocoa.framework in Frameworks */ = {isa = PBXBuildFile; fileRef = E099AE96181FCB3B00F0B4A1 /* Cocoa.framework */; };
/* End PBXBuildFile section */

/* Begin PBXFileReference section */
		435E247213A8E4A20052479A /* Xcode_beginning_of_line.xcplugin */ = {isa = PBXFileReference; explicitFileType = wrapper.cfbundle; includeInIndex = 0; path = Xcode_beginning_of_line.xcplugin; sourceTree = BUILT_PRODUCTS_DIR; };
		435E248413A8E5A40052479A /* Info.plist */ = {isa = PBXFileReference; fileEncoding = 4; lastKnownFileType = text.plist.xml; path = Info.plist; sourceTree = "<group>"; };
		435E248513A8E5A40052479A /* Xcode_beginning_of_line.m */ = {isa = PBXFileReference; fileEncoding = 4; lastKnownFileType = sourcecode.c.objc; path = Xcode_beginning_of_line.m; sourceTree = "<group>"; };
		437DCBC414D41E700039CB49 /* English */ = {isa = PBXFileReference; lastKnownFileType = text.plist.strings; name = English; path = English.lproj/InfoPlist.strings; sourceTree = "<group>"; };
		E099AE96181FCB3B00F0B4A1 /* Cocoa.framework */ = {isa = PBXFileReference; lastKnownFileType = wrapper.framework; name = Cocoa.framework; path = System/Library/Frameworks/Cocoa.framework; sourceTree = SDKROOT; };
/* End PBXFileReference section */

/* Begin PBXFrameworksBuildPhase section */
		435E246F13A8E4A20052479A /* Frameworks */ = {
			isa = PBXFrameworksBuildPhase;
			buildActionMask = 2147483647;
			files = (
				E099AE97181FCB3B00F0B4A1 /* Cocoa.framework in Frameworks */,
			);
			runOnlyForDeploymentPostprocessing = 0;
		};
/* End PBXFrameworksBuildPhase section */

/* Begin PBXGroup section */
		435E246513A8E4510052479A = {
			isa = PBXGroup;
			children = (
				E099AE96181FCB3B00F0B4A1 /* Cocoa.framework */,
				435E248913A8E5B70052479A /* Sources */,
				435E247313A8E4A20052479A /* Products */,
			);
			sourceTree = "<group>";
		};
		435E247313A8E4A20052479A /* Products */ = {
			isa = PBXGroup;
			children = (
				435E247213A8E4A20052479A /* Xcode_beginning_of_line.xcplugin */,
			);
			name = Products;
			sourceTree = "<group>";
		};
		435E248913A8E5B70052479A /* Sources */ = {
			isa = PBXGroup;
			children = (
				437DCBC314D41E700039CB49 /* InfoPlist.strings */,
				435E248413A8E5A40052479A /* Info.plist */,
				435E248513A8E5A40052479A /* Xcode_beginning_of_line.m */,
			);
			name = Sources;
			sourceTree = "<group>";
		};
/* End PBXGroup section */

/* Begin PBXNativeTarget section */
		435E247113A8E4A20052479A /* Xcode_beginning_of_line */ = {
			isa = PBXNativeTarget;
			buildConfigurationList = 435E247E13A8E4A20052479A /* Build configuration list for PBXNativeTarget "Xcode_beginning_of_line" */;
			buildPhases = (
				435E246E13A8E4A20052479A /* Sources */,
				435E246F13A8E4A20052479A /* Frameworks */,
				435E247013A8E4A20052479A /* Resources */,
				43F990CE1820EB3B00820EC3 /* ShellScript */,
			);
			buildRules = (
			);
			dependencies = (
			);
			name = Xcode_beginning_of_line;
			productName = Xcode_beginning_of_line;
			productReference = 435E247213A8E4A20052479A /* Xcode_beginning_of_line.xcplugin */;
			productType = "com.apple.product-type.bundle";
		};
/* End PBXNativeTarget section */

/* Begin PBXProject section */
		435E246713A8E4510052479A /* Project object */ = {
			isa = PBXProject;
			attributes = {
				LastUpgradeCheck = 0500;
			};
			buildConfigurationList = 435E246A13A8E4510052479A /* Build configuration list for PBXProject "Xcode_beginning_of_line" */;
			compatibilityVersion = "Xcode 3.2";
			developmentRegion = English;
			hasScannedForEncodings = 0;
			knownRegions = (
				en,
				English,
			);
			mainGroup = 435E246513A8E4510052479A;
			productRefGroup = 435E247313A8E4A20052479A /* Products */;
			projectDirPath = "";
			projectRoot = "";
			targets = (
				435E247113A8E4A20052479A /* Xcode_beginning_of_line */,
			);
		};
/* End PBXProject section */

/* Begin PBXResourcesBuildPhase section */
		435E247013A8E4A20052479A /* Resources */ = {
			isa = PBXResourcesBuildPhase;
			buildActionMask = 2147483647;
			files = (
				437DCBC514D41E700039CB49 /* InfoPlist.strings in Resources */,
			);
			runOnlyForDeploymentPostprocessing = 0;
		};
/* End PBXResourcesBuildPhase section */

/* Begin PBXShellScriptBuildPhase section */
		43F990CE1820EB3B00820EC3 /* ShellScript */ = {
			isa = PBXShellScriptBuildPhase;
			buildActionMask = 8;
			files = (
			);
			inputPaths = (
			);
			outputPaths = (
			);
			runOnlyForDeploymentPostprocessing = 1;
			shellPath = /bin/sh;
			shellScript = "PREVIOUS_VERSION=\"$INSTALL_DIR/XCode4_beginning_of_line.xcplugin\"\nif [ -e \"$PREVIOUS_VERSION\" ]; then\n    rm -r \"$PREVIOUS_VERSION\"\n    echo \"A previous version of this plugin was removed.\"\nfi";
		};
/* End PBXShellScriptBuildPhase section */

/* Begin PBXSourcesBuildPhase section */
		435E246E13A8E4A20052479A /* Sources */ = {
			isa = PBXSourcesBuildPhase;
			buildActionMask = 2147483647;
			files = (
				435E248813A8E5A40052479A /* Xcode_beginning_of_line.m in Sources */,
			);
			runOnlyForDeploymentPostprocessing = 0;
		};
/* End PBXSourcesBuildPhase section */

/* Begin PBXVariantGroup section */
		437DCBC314D41E700039CB49 /* InfoPlist.strings */ = {
			isa = PBXVariantGroup;
			children = (
				437DCBC414D41E700039CB49 /* English */,
			);
			name = InfoPlist.strings;
			sourceTree = "<group>";
		};
/* End PBXVariantGroup section */

/* Begin XCBuildConfiguration section */
		435E246C13A8E4520052479A /* Debug */ = {
			isa = XCBuildConfiguration;
			buildSettings = {
				GCC_C_LANGUAGE_STANDARD = gnu99;
				GCC_OPTIMIZATION_LEVEL = 0;
				GCC_WARN_ABOUT_RETURN_TYPE = YES;
				GCC_WARN_UNUSED_VARIABLE = YES;
				ONLY_ACTIVE_ARCH = YES;
				SDKROOT = macosx;
			};
			name = Debug;
		};
		435E246D13A8E4520052479A /* Release */ = {
			isa = XCBuildConfiguration;
			buildSettings = {
				GCC_C_LANGUAGE_STANDARD = gnu99;
				GCC_WARN_ABOUT_RETURN_TYPE = YES;
				GCC_WARN_UNUSED_VARIABLE = YES;
				SDKROOT = macosx;
			};
			name = Release;
		};
		435E247F13A8E4A20052479A /* Debug */ = {
			isa = XCBuildConfiguration;
			buildSettings = {
				ALWAYS_SEARCH_USER_PATHS = NO;
				CLANG_ENABLE_OBJC_ARC = YES;
				COMBINE_HIDPI_IMAGES = YES;
				DEPLOYMENT_LOCATION = YES;
				DEPLOYMENT_POSTPROCESSING = YES;
				DSTROOT = "$(HOME)";
				INFOPLIST_FILE = Info.plist;
				INSTALL_PATH = "/Library/Application Support/Developer/Shared/Xcode/Plug-ins";
				LD_RUNPATH_SEARCH_PATHS = /Developer;
				MACOSX_DEPLOYMENT_TARGET = 10.7;
				PRODUCT_NAME = Xcode_beginning_of_line;
				STRIP_INSTALLED_PRODUCT = YES;
				WRAPPER_EXTENSION = xcplugin;
			};
			name = Debug;
		};
		435E248013A8E4A20052479A /* Release */ = {
			isa = XCBuildConfiguration;
			buildSettings = {
				ALWAYS_SEARCH_USER_PATHS = NO;
				CLANG_ENABLE_OBJC_ARC = YES;
				COMBINE_HIDPI_IMAGES = YES;
				DEBUG_INFORMATION_FORMAT = "dwarf-with-dsym";
				DEPLOYMENT_LOCATION = YES;
				DEPLOYMENT_POSTPROCESSING = YES;
				DSTROOT = "$(HOME)";
				INFOPLIST_FILE = Info.plist;
				INSTALL_PATH = "/Library/Application Support/Developer/Shared/Xcode/Plug-ins";
				LD_RUNPATH_SEARCH_PATHS = /Developer;
				MACOSX_DEPLOYMENT_TARGET = 10.7;
				PRODUCT_NAME = Xcode_beginning_of_line;
				STRIP_INSTALLED_PRODUCT = YES;
				WRAPPER_EXTENSION = xcplugin;
			};
			name = Release;
		};
/* End XCBuildConfiguration section */

/* Begin XCConfigurationList section */
		435E246A13A8E4510052479A /* Build configuration list for PBXProject "Xcode_beginning_of_line" */ = {
			isa = XCConfigurationList;
			buildConfigurations = (
				435E246C13A8E4520052479A /* Debug */,
				435E246D13A8E4520052479A /* Release */,
			);
			defaultConfigurationIsVisible = 0;
			defaultConfigurationName = Release;
		};
		435E247E13A8E4A20052479A /* Build configuration list for PBXNativeTarget "Xcode_beginning_of_line" */ = {
			isa = XCConfigurationList;
			buildConfigurations = (
				435E247F13A8E4A20052479A /* Debug */,
				435E248013A8E4A20052479A /* Release */,
			);
			defaultConfigurationIsVisible = 0;
			defaultConfigurationName = Release;
		};
/* End XCConfigurationList section */
	};
	rootObject = 435E246713A8E4510052479A /* Project object */;
}
